{
  "name": "kakao-map-test",
  "lockfileVersion": 3,
  "requires": true,
  "packages": {
    "": {
      "dependencies": {
        "vue3-kakao-maps": "^2.3.6"
      }
    },
    "node_modules/kakao.maps.d.ts": {
      "version": "0.1.39",
      "resolved": "https://registry.npmjs.org/kakao.maps.d.ts/-/kakao.maps.d.ts-0.1.39.tgz",
      "integrity": "sha512-KXENJ8hHYtjb5G+0vf8TXx/PwWW4j5ndDiQTSMvGtF7EFWu2P3N/+Zivcj9/UKn3j29Iz/sIUaA7WL8Ug3IDGQ=="
    },
    "node_modules/vue3-kakao-maps": {
      "version": "2.3.6",
      "resolved": "https://registry.npmjs.org/vue3-kakao-maps/-/vue3-kakao-maps-2.3.6.tgz",
      "integrity": "sha512-ZwwZBG6HAA+jJap1FU76hqQ425Keje9Vm7Uk+tLZC4hdjJzgyV53F77pFV9xVczGepJJiZvE4jU0bqI6Y2u2FA==",
      "dependencies": {
        "kakao.maps.d.ts": "^0.1.39"
      }
    }
  }
}
